// !$*UTF8*$!
{
	archiveVersion = 1;
	classes = {
	};
	objectVersion = 46;
	objects = {

/* Begin PBXBuildFile section */
		9438A10D1593E4110042CA60 /* InfoPlist.strings in Resources */ = {isa = PBXBuildFile; fileRef = 9438A10B1593E4110042CA60 /* InfoPlist.strings */; };
		9438A1171593E4120042CA60 /* SenTestingKit.framework in Frameworks */ = {isa = PBXBuildFile; fileRef = 9438A1161593E4120042CA60 /* SenTestingKit.framework */; };
		9438A1191593E4120042CA60 /* UIKit.framework in Frameworks */ = {isa = PBXBuildFile; fileRef = 9438A1181593E4120042CA60 /* UIKit.framework */; };
		9438A11B1593E4120042CA60 /* Foundation.framework in Frameworks */ = {isa = PBXBuildFile; fileRef = 9438A11A1593E4120042CA60 /* Foundation.framework */; };
		9438A11E1593E4120042CA60 /* UITableView+NXEmptyView.framework in Resources */ = {isa = PBXBuildFile; fileRef = 9438A1061593E4110042CA60 /* UITableView+NXEmptyView.framework */; };
		9438A1241593E4120042CA60 /* InfoPlist.strings in Resources */ = {isa = PBXBuildFile; fileRef = 9438A1221593E4120042CA60 /* InfoPlist.strings */; };
		9438A1271593E4120042CA60 /* UITableView_NXEmptyViewTests.m in Sources */ = {isa = PBXBuildFile; fileRef = 9438A1261593E4120042CA60 /* UITableView_NXEmptyViewTests.m */; };
		9438A1361593E4410042CA60 /* UIKit.framework in Frameworks */ = {isa = PBXBuildFile; fileRef = 9438A1181593E4120042CA60 /* UIKit.framework */; };
		9438A1371593E4410042CA60 /* Foundation.framework in Frameworks */ = {isa = PBXBuildFile; fileRef = 9438A11A1593E4120042CA60 /* Foundation.framework */; };
		9438A1391593E4410042CA60 /* CoreGraphics.framework in Frameworks */ = {isa = PBXBuildFile; fileRef = 9438A1381593E4410042CA60 /* CoreGraphics.framework */; };
		9438A13F1593E4410042CA60 /* InfoPlist.strings in Resources */ = {isa = PBXBuildFile; fileRef = 9438A13D1593E4410042CA60 /* InfoPlist.strings */; };
		9438A1411593E4410042CA60 /* main.m in Sources */ = {isa = PBXBuildFile; fileRef = 9438A1401593E4410042CA60 /* main.m */; };
		9438A1451593E4410042CA60 /* NXAppDelegate.m in Sources */ = {isa = PBXBuildFile; fileRef = 9438A1441593E4410042CA60 /* NXAppDelegate.m */; };
		9438A1481593E4410042CA60 /* NXViewController.m in Sources */ = {isa = PBXBuildFile; fileRef = 9438A1471593E4410042CA60 /* NXViewController.m */; };
		9438A14B1593E4410042CA60 /* NXViewController.xib in Resources */ = {isa = PBXBuildFile; fileRef = 9438A1491593E4410042CA60 /* NXViewController.xib */; };
		9438A1511593E45E0042CA60 /* UITableView+NXEmptyView.h in Headers */ = {isa = PBXBuildFile; fileRef = 9438A14F1593E45E0042CA60 /* UITableView+NXEmptyView.h */; settings = {ATTRIBUTES = (Public, ); }; };
		9438A1521593E45E0042CA60 /* UITableView+NXEmptyView.m in Sources */ = {isa = PBXBuildFile; fileRef = 9438A1501593E45E0042CA60 /* UITableView+NXEmptyView.m */; };
		9438A1531593E4780042CA60 /* UITableView+NXEmptyView.framework in Frameworks */ = {isa = PBXBuildFile; fileRef = 9438A1061593E4110042CA60 /* UITableView+NXEmptyView.framework */; };
/* End PBXBuildFile section */

/* Begin PBXContainerItemProxy section */
		9438A11C1593E4120042CA60 /* PBXContainerItemProxy */ = {
			isa = PBXContainerItemProxy;
			containerPortal = 9438A0F91593E4110042CA60 /* Project object */;
			proxyType = 1;
			remoteGlobalIDString = 9438A1051593E4110042CA60;
			remoteInfo = "UITableView+NXEmptyView";
		};
		9438A1541593E6FD0042CA60 /* PBXContainerItemProxy */ = {
			isa = PBXContainerItemProxy;
			containerPortal = 9438A0F91593E4110042CA60 /* Project object */;
			proxyType = 1;
			remoteGlobalIDString = 9438A1051593E4110042CA60;
			remoteInfo = "UITableView+NXEmptyView";
		};
/* End PBXContainerItemProxy section */

/* Begin PBXFileReference section */
		9438A1061593E4110042CA60 /* UITableView+NXEmptyView.framework */ = {isa = PBXFileReference; explicitFileType = wrapper.cfbundle; includeInIndex = 0; path = "UITableView+NXEmptyView.framework"; sourceTree = BUILT_PRODUCTS_DIR; };
		9438A10A1593E4110042CA60 /* UITableView+NXEmptyView-Info.plist */ = {isa = PBXFileReference; lastKnownFileType = text.plist.xml; path = "UITableView+NXEmptyView-Info.plist"; sourceTree = "<group>"; };
		9438A10C1593E4110042CA60 /* en */ = {isa = PBXFileReference; lastKnownFileType = text.plist.strings; name = en; path = en.lproj/InfoPlist.strings; sourceTree = "<group>"; };
		9438A10E1593E4110042CA60 /* UITableView+NXEmptyView-Prefix.pch */ = {isa = PBXFileReference; lastKnownFileType = sourcecode.c.h; path = "UITableView+NXEmptyView-Prefix.pch"; sourceTree = "<group>"; };
		9438A1141593E4120042CA60 /* UITableView+NXEmptyViewTests.octest */ = {isa = PBXFileReference; explicitFileType = wrapper.cfbundle; includeInIndex = 0; path = "UITableView+NXEmptyViewTests.octest"; sourceTree = BUILT_PRODUCTS_DIR; };
		9438A1161593E4120042CA60 /* SenTestingKit.framework */ = {isa = PBXFileReference; lastKnownFileType = wrapper.framework; name = SenTestingKit.framework; path = Library/Frameworks/SenTestingKit.framework; sourceTree = DEVELOPER_DIR; };
		9438A1181593E4120042CA60 /* UIKit.framework */ = {isa = PBXFileReference; lastKnownFileType = wrapper.framework; name = UIKit.framework; path = Library/Frameworks/UIKit.framework; sourceTree = DEVELOPER_DIR; };
		9438A11A1593E4120042CA60 /* Foundation.framework */ = {isa = PBXFileReference; lastKnownFileType = wrapper.framework; name = Foundation.framework; path = Library/Frameworks/Foundation.framework; sourceTree = DEVELOPER_DIR; };
		9438A1211593E4120042CA60 /* UITableView+NXEmptyViewTests-Info.plist */ = {isa = PBXFileReference; lastKnownFileType = text.plist.xml; path = "UITableView+NXEmptyViewTests-Info.plist"; sourceTree = "<group>"; };
		9438A1231593E4120042CA60 /* en */ = {isa = PBXFileReference; lastKnownFileType = text.plist.strings; name = en; path = en.lproj/InfoPlist.strings; sourceTree = "<group>"; };
		9438A1251593E4120042CA60 /* UITableView_NXEmptyViewTests.h */ = {isa = PBXFileReference; lastKnownFileType = sourcecode.c.h; path = UITableView_NXEmptyViewTests.h; sourceTree = "<group>"; };
		9438A1261593E4120042CA60 /* UITableView_NXEmptyViewTests.m */ = {isa = PBXFileReference; lastKnownFileType = sourcecode.c.objc; path = UITableView_NXEmptyViewTests.m; sourceTree = "<group>"; };
		9438A1341593E4410042CA60 /* DemoApp.app */ = {isa = PBXFileReference; explicitFileType = wrapper.application; includeInIndex = 0; path = DemoApp.app; sourceTree = BUILT_PRODUCTS_DIR; };
		9438A1381593E4410042CA60 /* CoreGraphics.framework */ = {isa = PBXFileReference; lastKnownFileType = wrapper.framework; name = CoreGraphics.framework; path = System/Library/Frameworks/CoreGraphics.framework; sourceTree = SDKROOT; };
		9438A13C1593E4410042CA60 /* DemoApp-Info.plist */ = {isa = PBXFileReference; lastKnownFileType = text.plist.xml; path = "DemoApp-Info.plist"; sourceTree = "<group>"; };
		9438A13E1593E4410042CA60 /* en */ = {isa = PBXFileReference; lastKnownFileType = text.plist.strings; name = en; path = en.lproj/InfoPlist.strings; sourceTree = "<group>"; };
		9438A1401593E4410042CA60 /* main.m */ = {isa = PBXFileReference; lastKnownFileType = sourcecode.c.objc; path = main.m; sourceTree = "<group>"; };
		9438A1421593E4410042CA60 /* DemoApp-Prefix.pch */ = {isa = PBXFileReference; lastKnownFileType = sourcecode.c.h; path = "DemoApp-Prefix.pch"; sourceTree = "<group>"; };
		9438A1431593E4410042CA60 /* NXAppDelegate.h */ = {isa = PBXFileReference; lastKnownFileType = sourcecode.c.h; path = NXAppDelegate.h; sourceTree = "<group>"; };
		9438A1441593E4410042CA60 /* NXAppDelegate.m */ = {isa = PBXFileReference; lastKnownFileType = sourcecode.c.objc; path = NXAppDelegate.m; sourceTree = "<group>"; };
		9438A1461593E4410042CA60 /* NXViewController.h */ = {isa = PBXFileReference; lastKnownFileType = sourcecode.c.h; path = NXViewController.h; sourceTree = "<group>"; };
		9438A1471593E4410042CA60 /* NXViewController.m */ = {isa = PBXFileReference; lastKnownFileType = sourcecode.c.objc; path = NXViewController.m; sourceTree = "<group>"; };
		9438A14A1593E4410042CA60 /* en */ = {isa = PBXFileReference; lastKnownFileType = file.xib; name = en; path = en.lproj/NXViewController.xib; sourceTree = "<group>"; };
		9438A14F1593E45E0042CA60 /* UITableView+NXEmptyView.h */ = {isa = PBXFileReference; fileEncoding = 4; lastKnownFileType = sourcecode.c.h; path = "UITableView+NXEmptyView.h"; sourceTree = "<group>"; };
		9438A1501593E45E0042CA60 /* UITableView+NXEmptyView.m */ = {isa = PBXFileReference; fileEncoding = 4; lastKnownFileType = sourcecode.c.objc; path = "UITableView+NXEmptyView.m"; sourceTree = "<group>"; };
/* End PBXFileReference section */

/* Begin PBXFrameworksBuildPhase section */
		9438A1001593E4110042CA60 /* Frameworks */ = {
			isa = PBXFrameworksBuildPhase;
			buildActionMask = 2147483647;
			files = (
			);
			runOnlyForDeploymentPostprocessing = 0;
		};
		9438A1101593E4120042CA60 /* Frameworks */ = {
			isa = PBXFrameworksBuildPhase;
			buildActionMask = 2147483647;
			files = (
				9438A1171593E4120042CA60 /* SenTestingKit.framework in Frameworks */,
				9438A1191593E4120042CA60 /* UIKit.framework in Frameworks */,
				9438A11B1593E4120042CA60 /* Foundation.framework in Frameworks */,
			);
			runOnlyForDeploymentPostprocessing = 0;
		};
		9438A1311593E4410042CA60 /* Frameworks */ = {
			isa = PBXFrameworksBuildPhase;
			buildActionMask = 2147483647;
			files = (
				9438A1531593E4780042CA60 /* UITableView+NXEmptyView.framework in Frameworks */,
				9438A1361593E4410042CA60 /* UIKit.framework in Frameworks */,
				9438A1371593E4410042CA60 /* Foundation.framework in Frameworks */,
				9438A1391593E4410042CA60 /* CoreGraphics.framework in Frameworks */,
			);
			runOnlyForDeploymentPostprocessing = 0;
		};
/* End PBXFrameworksBuildPhase section */

/* Begin PBXGroup section */
		9438A0F71593E4110042CA60 = {
			isa = PBXGroup;
			children = (
				9438A1081593E4110042CA60 /* UITableView+NXEmptyView */,
				9438A11F1593E4120042CA60 /* UITableView+NXEmptyViewTests */,
				9438A13A1593E4410042CA60 /* DemoApp */,
				9438A1151593E4120042CA60 /* Frameworks */,
				9438A1071593E4110042CA60 /* Products */,
			);
			sourceTree = "<group>";
		};
		9438A1071593E4110042CA60 /* Products */ = {
			isa = PBXGroup;
			children = (
				9438A1061593E4110042CA60 /* UITableView+NXEmptyView.framework */,
				9438A1141593E4120042CA60 /* UITableView+NXEmptyViewTests.octest */,
				9438A1341593E4410042CA60 /* DemoApp.app */,
			);
			name = Products;
			sourceTree = "<group>";
		};
		9438A1081593E4110042CA60 /* UITableView+NXEmptyView */ = {
			isa = PBXGroup;
			children = (
				9438A14F1593E45E0042CA60 /* UITableView+NXEmptyView.h */,
				9438A1501593E45E0042CA60 /* UITableView+NXEmptyView.m */,
				9438A1091593E4110042CA60 /* Supporting Files */,
			);
			path = "UITableView+NXEmptyView";
			sourceTree = "<group>";
		};
		9438A1091593E4110042CA60 /* Supporting Files */ = {
			isa = PBXGroup;
			children = (
				9438A10A1593E4110042CA60 /* UITableView+NXEmptyView-Info.plist */,
				9438A10B1593E4110042CA60 /* InfoPlist.strings */,
				9438A10E1593E4110042CA60 /* UITableView+NXEmptyView-Prefix.pch */,
			);
			name = "Supporting Files";
			sourceTree = "<group>";
		};
		9438A1151593E4120042CA60 /* Frameworks */ = {
			isa = PBXGroup;
			children = (
				9438A1161593E4120042CA60 /* SenTestingKit.framework */,
				9438A1181593E4120042CA60 /* UIKit.framework */,
				9438A11A1593E4120042CA60 /* Foundation.framework */,
				9438A1381593E4410042CA60 /* CoreGraphics.framework */,
			);
			name = Frameworks;
			sourceTree = "<group>";
		};
		9438A11F1593E4120042CA60 /* UITableView+NXEmptyViewTests */ = {
			isa = PBXGroup;
			children = (
				9438A1251593E4120042CA60 /* UITableView_NXEmptyViewTests.h */,
				9438A1261593E4120042CA60 /* UITableView_NXEmptyViewTests.m */,
				9438A1201593E4120042CA60 /* Supporting Files */,
			);
			path = "UITableView+NXEmptyViewTests";
			sourceTree = "<group>";
		};
		9438A1201593E4120042CA60 /* Supporting Files */ = {
			isa = PBXGroup;
			children = (
				9438A1211593E4120042CA60 /* UITableView+NXEmptyViewTests-Info.plist */,
				9438A1221593E4120042CA60 /* InfoPlist.strings */,
			);
			name = "Supporting Files";
			sourceTree = "<group>";
		};
		9438A13A1593E4410042CA60 /* DemoApp */ = {
			isa = PBXGroup;
			children = (
				9438A1431593E4410042CA60 /* NXAppDelegate.h */,
				9438A1441593E4410042CA60 /* NXAppDelegate.m */,
				9438A1461593E4410042CA60 /* NXViewController.h */,
				9438A1471593E4410042CA60 /* NXViewController.m */,
				9438A1491593E4410042CA60 /* NXViewController.xib */,
				9438A13B1593E4410042CA60 /* Supporting Files */,
			);
			path = DemoApp;
			sourceTree = "<group>";
		};
		9438A13B1593E4410042CA60 /* Supporting Files */ = {
			isa = PBXGroup;
			children = (
				9438A13C1593E4410042CA60 /* DemoApp-Info.plist */,
				9438A13D1593E4410042CA60 /* InfoPlist.strings */,
				9438A1401593E4410042CA60 /* main.m */,
				9438A1421593E4410042CA60 /* DemoApp-Prefix.pch */,
			);
			name = "Supporting Files";
			sourceTree = "<group>";
		};
/* End PBXGroup section */

/* Begin PBXHeadersBuildPhase section */
		9438A1011593E4110042CA60 /* Headers */ = {
			isa = PBXHeadersBuildPhase;
			buildActionMask = 2147483647;
			files = (
				9438A1511593E45E0042CA60 /* UITableView+NXEmptyView.h in Headers */,
			);
			runOnlyForDeploymentPostprocessing = 0;
		};
/* End PBXHeadersBuildPhase section */

/* Begin PBXNativeTarget section */
		9438A1051593E4110042CA60 /* UITableView+NXEmptyView */ = {
			isa = PBXNativeTarget;
			buildConfigurationList = 9438A12A1593E4120042CA60 /* Build configuration list for PBXNativeTarget "UITableView+NXEmptyView" */;
			buildPhases = (
				9438A0FE1593E4110042CA60 /* ShellScript */,
				9438A0FF1593E4110042CA60 /* Sources */,
				9438A1001593E4110042CA60 /* Frameworks */,
				9438A1011593E4110042CA60 /* Headers */,
				9438A1021593E4110042CA60 /* Resources */,
				9438A1031593E4110042CA60 /* ShellScript */,
				9438A1041593E4110042CA60 /* ShellScript */,
			);
			buildRules = (
			);
			dependencies = (
			);
			name = "UITableView+NXEmptyView";
			productName = "UITableView+NXEmptyView";
			productReference = 9438A1061593E4110042CA60 /* UITableView+NXEmptyView.framework */;
			productType = "com.apple.product-type.bundle";
		};
		9438A1131593E4120042CA60 /* UITableView+NXEmptyViewTests */ = {
			isa = PBXNativeTarget;
			buildConfigurationList = 9438A12D1593E4120042CA60 /* Build configuration list for PBXNativeTarget "UITableView+NXEmptyViewTests" */;
			buildPhases = (
				9438A10F1593E4120042CA60 /* Sources */,
				9438A1101593E4120042CA60 /* Frameworks */,
				9438A1111593E4120042CA60 /* Resources */,
				9438A1121593E4120042CA60 /* ShellScript */,
			);
			buildRules = (
			);
			dependencies = (
				9438A11D1593E4120042CA60 /* PBXTargetDependency */,
			);
			name = "UITableView+NXEmptyViewTests";
			productName = "UITableView+NXEmptyViewTests";
			productReference = 9438A1141593E4120042CA60 /* UITableView+NXEmptyViewTests.octest */;
			productType = "com.apple.product-type.bundle";
		};
		9438A1331593E4410042CA60 /* DemoApp */ = {
			isa = PBXNativeTarget;
			buildConfigurationList = 9438A14C1593E4410042CA60 /* Build configuration list for PBXNativeTarget "DemoApp" */;
			buildPhases = (
				9438A1301593E4410042CA60 /* Sources */,
				9438A1311593E4410042CA60 /* Frameworks */,
				9438A1321593E4410042CA60 /* Resources */,
			);
			buildRules = (
			);
			dependencies = (
				9438A1551593E6FD0042CA60 /* PBXTargetDependency */,
			);
			name = DemoApp;
			productName = DemoApp;
			productReference = 9438A1341593E4410042CA60 /* DemoApp.app */;
			productType = "com.apple.product-type.application";
		};
/* End PBXNativeTarget section */

/* Begin PBXProject section */
		9438A0F91593E4110042CA60 /* Project object */ = {
			isa = PBXProject;
			attributes = {
				LastUpgradeCheck = 0440;
				ORGANIZATIONNAME = nxtbgthng.com;
			};
			buildConfigurationList = 9438A0FC1593E4110042CA60 /* Build configuration list for PBXProject "UITableView+NXEmptyView" */;
			compatibilityVersion = "Xcode 3.2";
			developmentRegion = English;
			hasScannedForEncodings = 0;
			knownRegions = (
				en,
			);
			mainGroup = 9438A0F71593E4110042CA60;
			productRefGroup = 9438A1071593E4110042CA60 /* Products */;
			projectDirPath = "";
			projectRoot = "";
			targets = (
				9438A1051593E4110042CA60 /* UITableView+NXEmptyView */,
				9438A1131593E4120042CA60 /* UITableView+NXEmptyViewTests */,
				9438A1331593E4410042CA60 /* DemoApp */,
			);
		};
/* End PBXProject section */

/* Begin PBXResourcesBuildPhase section */
		9438A1021593E4110042CA60 /* Resources */ = {
			isa = PBXResourcesBuildPhase;
			buildActionMask = 2147483647;
			files = (
				9438A10D1593E4110042CA60 /* InfoPlist.strings in Resources */,
			);
			runOnlyForDeploymentPostprocessing = 0;
		};
		9438A1111593E4120042CA60 /* Resources */ = {
			isa = PBXResourcesBuildPhase;
			buildActionMask = 2147483647;
			files = (
				9438A11E1593E4120042CA60 /* UITableView+NXEmptyView.framework in Resources */,
				9438A1241593E4120042CA60 /* InfoPlist.strings in Resources */,
			);
			runOnlyForDeploymentPostprocessing = 0;
		};
		9438A1321593E4410042CA60 /* Resources */ = {
			isa = PBXResourcesBuildPhase;
			buildActionMask = 2147483647;
			files = (
				9438A13F1593E4410042CA60 /* InfoPlist.strings in Resources */,
				9438A14B1593E4410042CA60 /* NXViewController.xib in Resources */,
			);
			runOnlyForDeploymentPostprocessing = 0;
		};
/* End PBXResourcesBuildPhase section */

/* Begin PBXShellScriptBuildPhase section */
		9438A0FE1593E4110042CA60 /* ShellScript */ = {
			isa = PBXShellScriptBuildPhase;
			buildActionMask = 2147483647;
			files = (
			);
			inputPaths = (
			);
			outputPaths = (
			);
			runOnlyForDeploymentPostprocessing = 0;
			shellPath = /bin/sh;
			shellScript = "set -e\n\nset +u\nif [[ $UFW_MASTER_SCRIPT_RUNNING ]]\nthen\n    # Nothing for the slave script to do\n    exit 0\nfi\nset -u\n\nif [[ \"$SDK_NAME\" =~ ([A-Za-z]+) ]]\nthen\n    UFW_SDK_PLATFORM=${BASH_REMATCH[1]}\nelse\n    echo \"Could not find platform name from SDK_NAME: $SDK_NAME\"\n    exit 1\nfi\n\nif [[ \"$SDK_NAME\" =~ ([0-9]+.*$) ]]\nthen\n\tUFW_SDK_VERSION=${BASH_REMATCH[1]}\nelse\n    echo \"Could not find sdk version  from SDK_NAME: $SDK_NAME\"\n    exit 1\nfi\n\nif [[ \"$UFW_SDK_PLATFORM\" = \"iphoneos\" ]]\nthen\n    UFW_OTHER_PLATFORM=iphonesimulator\nelse\n    UFW_OTHER_PLATFORM=iphoneos\nfi\n\nif [[ \"$BUILT_PRODUCTS_DIR\" =~ (.*)$UFW_SDK_PLATFORM$ ]]\nthen\n    UFW_OTHER_BUILT_PRODUCTS_DIR=\"${BASH_REMATCH[1]}${UFW_OTHER_PLATFORM}\"\nelse\n    echo \"Could not find $UFW_SDK_PLATFORM in $BUILT_PRODUCTS_DIR\"\n    exit 1\nfi\n\n\n# Short-circuit if all binaries are up to date\n\nif [[ -f \"${BUILT_PRODUCTS_DIR}/${EXECUTABLE_PATH}\" ]] && \\\n   [[ -f \"${BUILT_PRODUCTS_DIR}/${PRODUCT_NAME}.embeddedframework/${EXECUTABLE_PATH}\" ]] && \\\n   [[ ! \"${BUILT_PRODUCTS_DIR}/${EXECUTABLE_PATH}\" -nt \"${BUILT_PRODUCTS_DIR}/${PRODUCT_NAME}.embeddedframework/${EXECUTABLE_PATH}\" ]]\n   [[ -f \"${UFW_OTHER_BUILT_PRODUCTS_DIR}/${EXECUTABLE_PATH}\" ]] && \\\n   [[ -f \"${UFW_OTHER_BUILT_PRODUCTS_DIR}/${PRODUCT_NAME}.embeddedframework/${EXECUTABLE_PATH}\" ]] && \\\n   [[ ! \"${UFW_OTHER_BUILT_PRODUCTS_DIR}/${EXECUTABLE_PATH}\" -nt \"${UFW_OTHER_BUILT_PRODUCTS_DIR}/${PRODUCT_NAME}.embeddedframework/${EXECUTABLE_PATH}\" ]]\nthen\n    exit 0\nfi\n\n\n# Clean other platform if needed\n\nif [[ ! -f \"${BUILT_PRODUCTS_DIR}/${EXECUTABLE_PATH}\" ]]\nthen\n\techo \"Platform \\\"$UFW_SDK_PLATFORM\\\" was cleaned recently. Cleaning \\\"$UFW_OTHER_PLATFORM\\\" as well\"\n\techo xcodebuild -project \"${PROJECT_FILE_PATH}\" -target \"${TARGET_NAME}\" -configuration \"${CONFIGURATION}\" -sdk ${UFW_OTHER_PLATFORM}${UFW_SDK_VERSION} BUILD_DIR=\"${BUILD_DIR}\" CONFIGURATION_TEMP_DIR=\"${PROJECT_TEMP_DIR}/${CONFIGURATION}-${UFW_OTHER_PLATFORM}\" clean\n\txcodebuild -project \"${PROJECT_FILE_PATH}\" -target \"${TARGET_NAME}\" -configuration \"${CONFIGURATION}\" -sdk ${UFW_OTHER_PLATFORM}${UFW_SDK_VERSION} BUILD_DIR=\"${BUILD_DIR}\" CONFIGURATION_TEMP_DIR=\"${PROJECT_TEMP_DIR}/${CONFIGURATION}-${UFW_OTHER_PLATFORM}\" clean\nfi\n\n\n# Make sure we are building from fresh binaries\n\nrm -rf \"${BUILT_PRODUCTS_DIR}/${EXECUTABLE_PATH}\"\nrm -rf \"${BUILT_PRODUCTS_DIR}/${PRODUCT_NAME}.embeddedframework\"\nrm -rf \"${UFW_OTHER_BUILT_PRODUCTS_DIR}/${EXECUTABLE_PATH}\"\nrm -rf \"${UFW_OTHER_BUILT_PRODUCTS_DIR}/${PRODUCT_NAME}.embeddedframework\"\n";
		};
		9438A1031593E4110042CA60 /* ShellScript */ = {
			isa = PBXShellScriptBuildPhase;
			buildActionMask = 2147483647;
			files = (
			);
			inputPaths = (
			);
			outputPaths = (
			);
			runOnlyForDeploymentPostprocessing = 0;
			shellPath = /bin/sh;
			shellScript = "HEADERS_ROOT=$SRCROOT/$PRODUCT_NAME\nFRAMEWORK_HEADERS_DIR=\"$BUILT_PRODUCTS_DIR/$WRAPPER_NAME/Versions/$FRAMEWORK_VERSION/Headers\"\n\n## only header files expected at this point\nPUBLIC_HEADERS=$(find $FRAMEWORK_HEADERS_DIR/. -not -type d 2> /dev/null | sed -e \"s@.*/@@g\")\n\nFIND_OPTS=\"\"\nfor PUBLIC_HEADER in $PUBLIC_HEADERS; do\n  if [ -n \"$FIND_OPTS\" ]; then\n    FIND_OPTS=\"$FIND_OPTS -o\"\n  fi\n  FIND_OPTS=\"$FIND_OPTS -name '$PUBLIC_HEADER'\"\ndone\n\nif [ -n \"$FIND_OPTS\" ]; then\n  for ORIG_HEADER in $(eval \"find $HEADERS_ROOT/. $FIND_OPTS\" 2> /dev/null | sed -e \"s@^$HEADERS_ROOT/./@@g\"); do\n    PUBLIC_HEADER=$(basename $ORIG_HEADER)\n    RELATIVE_PATH=$(dirname $ORIG_HEADER)\n    if [ -e $FRAMEWORK_HEADERS_DIR/$PUBLIC_HEADER ]; then\n      mkdir -p \"$FRAMEWORK_HEADERS_DIR/$RELATIVE_PATH\"\n      mv \"$FRAMEWORK_HEADERS_DIR/$PUBLIC_HEADER\" \"$FRAMEWORK_HEADERS_DIR/$RELATIVE_PATH/$PUBLIC_HEADER\"\n    fi\n  done\nfi\n";
		};
		9438A1041593E4110042CA60 /* ShellScript */ = {
			isa = PBXShellScriptBuildPhase;
			buildActionMask = 2147483647;
			files = (
			);
			inputPaths = (
			);
			outputPaths = (
			);
			runOnlyForDeploymentPostprocessing = 0;
			shellPath = /bin/sh;
			shellScript = "set -e\n\nset +u\nif [[ $UFW_MASTER_SCRIPT_RUNNING ]]\nthen\n    # Nothing for the slave script to do\n    exit 0\nfi\nset -u\nexport UFW_MASTER_SCRIPT_RUNNING=1\n\n\n# Functions\n\n## List files in the specified directory, storing to the specified array.\n#\n# @param $1 The path to list\n# @param $2 The name of the array to fill\n#\n##\nlist_files ()\n{\n    filelist=$(ls \"$1\")\n    while read line\n    do\n        eval \"$2[\\${#$2[*]}]=\\\"\\$line\\\"\"\n    done <<< \"$filelist\"\n}\n\n\n# Sanity check\n\nif [[ ! -f \"${BUILT_PRODUCTS_DIR}/${EXECUTABLE_PATH}\" ]]\nthen\n    echo \"Framework target \\\"${TARGET_NAME}\\\" had no source files to build from. Make sure your source files have the correct target membership\"\n    exit 1\nfi\n\n\n# Gather information\n\nif [[ \"$SDK_NAME\" =~ ([A-Za-z]+) ]]\nthen\n    UFW_SDK_PLATFORM=${BASH_REMATCH[1]}\nelse\n    echo \"Could not find platform name from SDK_NAME: $SDK_NAME\"\n    exit 1\nfi\n\nif [[ \"$SDK_NAME\" =~ ([0-9]+.*$) ]]\nthen\n    UFW_SDK_VERSION=${BASH_REMATCH[1]}\nelse\n    echo \"Could not find sdk version from SDK_NAME: $SDK_NAME\"\n    exit 1\nfi\n\nif [[ \"$UFW_SDK_PLATFORM\" = \"iphoneos\" ]]\nthen\n    UFW_OTHER_PLATFORM=iphonesimulator\nelse\n    UFW_OTHER_PLATFORM=iphoneos\nfi\n\nif [[ \"$BUILT_PRODUCTS_DIR\" =~ (.*)$UFW_SDK_PLATFORM$ ]]\nthen\n    UFW_OTHER_BUILT_PRODUCTS_DIR=\"${BASH_REMATCH[1]}${UFW_OTHER_PLATFORM}\"\nelse\n    echo \"Could not find $UFW_SDK_PLATFORM in $BUILT_PRODUCTS_DIR\"\n    exit 1\nfi\n\n\n# Short-circuit if all binaries are up to date.\n# We already checked the other platform in the prerun script.\n\nif [[ -f \"${BUILT_PRODUCTS_DIR}/${EXECUTABLE_PATH}\" ]] && [[ -f \"${BUILT_PRODUCTS_DIR}/${PRODUCT_NAME}.embeddedframework/${EXECUTABLE_PATH}\" ]] && [[ ! \"${BUILT_PRODUCTS_DIR}/${EXECUTABLE_PATH}\" -nt \"${BUILT_PRODUCTS_DIR}/${PRODUCT_NAME}.embeddedframework/${EXECUTABLE_PATH}\" ]]\nthen\n    exit 0\nfi\n\n\n# Make sure the other platform gets built\n\necho \"Build other platform\"\n\necho xcodebuild -project \"${PROJECT_FILE_PATH}\" -target \"${TARGET_NAME}\" -configuration \"${CONFIGURATION}\" -sdk ${UFW_OTHER_PLATFORM}${UFW_SDK_VERSION} BUILD_DIR=\"${BUILD_DIR}\" CONFIGURATION_TEMP_DIR=\"${PROJECT_TEMP_DIR}/${CONFIGURATION}-${UFW_OTHER_PLATFORM}\" $ACTION\nxcodebuild -project \"${PROJECT_FILE_PATH}\" -target \"${TARGET_NAME}\" -configuration \"${CONFIGURATION}\" -sdk ${UFW_OTHER_PLATFORM}${UFW_SDK_VERSION} BUILD_DIR=\"${BUILD_DIR}\" CONFIGURATION_TEMP_DIR=\"${PROJECT_TEMP_DIR}/${CONFIGURATION}-${UFW_OTHER_PLATFORM}\" $ACTION\n\n\n# Build the fat static library binary\n\necho \"Create universal static library\"\n\necho \"$PLATFORM_DEVELOPER_BIN_DIR/libtool\" -static \"${BUILT_PRODUCTS_DIR}/${EXECUTABLE_PATH}\" \"${UFW_OTHER_BUILT_PRODUCTS_DIR}/${EXECUTABLE_PATH}\" -o \"${BUILT_PRODUCTS_DIR}/${EXECUTABLE_PATH}.temp\"\n\"$PLATFORM_DEVELOPER_BIN_DIR/libtool\" -static \"${BUILT_PRODUCTS_DIR}/${EXECUTABLE_PATH}\" \"${UFW_OTHER_BUILT_PRODUCTS_DIR}/${EXECUTABLE_PATH}\" -o \"${BUILT_PRODUCTS_DIR}/${EXECUTABLE_PATH}.temp\"\n\necho mv \"${BUILT_PRODUCTS_DIR}/${EXECUTABLE_PATH}.temp\" \"${BUILT_PRODUCTS_DIR}/${EXECUTABLE_PATH}\"\nmv \"${BUILT_PRODUCTS_DIR}/${EXECUTABLE_PATH}.temp\" \"${BUILT_PRODUCTS_DIR}/${EXECUTABLE_PATH}\"\n\n\n# Build framework structure\n\necho \"Build symlinks\"\n\necho ln -sfh A \"${BUILT_PRODUCTS_DIR}/${WRAPPER_NAME}/Versions/Current\"\nln -sfh A \"${BUILT_PRODUCTS_DIR}/${WRAPPER_NAME}/Versions/Current\"\necho ln -sfh Versions/Current/Headers \"${BUILT_PRODUCTS_DIR}/${WRAPPER_NAME}/Headers\"\nln -sfh Versions/Current/Headers \"${BUILT_PRODUCTS_DIR}/${WRAPPER_NAME}/Headers\"\necho ln -sfh Versions/Current/Resources \"${BUILT_PRODUCTS_DIR}/${WRAPPER_NAME}/Resources\"\nln -sfh Versions/Current/Resources \"${BUILT_PRODUCTS_DIR}/${WRAPPER_NAME}/Resources\"\necho ln -sfh \"Versions/Current/${EXECUTABLE_NAME}\" \"${BUILT_PRODUCTS_DIR}/${WRAPPER_NAME}/${EXECUTABLE_NAME}\"\nln -sfh \"Versions/Current/${EXECUTABLE_NAME}\" \"${BUILT_PRODUCTS_DIR}/${WRAPPER_NAME}/${EXECUTABLE_NAME}\"\n\n\n# Link to binary for unit tests\n\nmkdir -p \"${BUILT_PRODUCTS_DIR}/.fake_fw_testing.framework\"\nln -sfh \"../${WRAPPER_NAME}/${EXECUTABLE_NAME}\" \"${BUILT_PRODUCTS_DIR}/.fake_fw_testing.framework/.fake_fw_testing\"\n\n\n# Build embedded framework structure\n\necho \"Build Embedded Framework\"\n\necho rm -rf \"${BUILT_PRODUCTS_DIR}/${PRODUCT_NAME}.embeddedframework\"\nrm -rf \"${BUILT_PRODUCTS_DIR}/${PRODUCT_NAME}.embeddedframework\"\necho mkdir -p \"${BUILT_PRODUCTS_DIR}/${PRODUCT_NAME}.embeddedframework/Resources\"\nmkdir -p \"${BUILT_PRODUCTS_DIR}/${PRODUCT_NAME}.embeddedframework/Resources\"\necho cp -a \"${BUILT_PRODUCTS_DIR}/${WRAPPER_NAME}\" \"${BUILT_PRODUCTS_DIR}/${PRODUCT_NAME}.embeddedframework/\"\ncp -a \"${BUILT_PRODUCTS_DIR}/${WRAPPER_NAME}\" \"${BUILT_PRODUCTS_DIR}/${PRODUCT_NAME}.embeddedframework/\"\n\ndeclare -a UFW_FILE_LIST\nlist_files \"${BUILT_PRODUCTS_DIR}/${UNLOCALIZED_RESOURCES_FOLDER_PATH}\" UFW_FILE_LIST\nfor filename in \"${UFW_FILE_LIST[@]}\"\ndo\n    if [[ \"${filename}\" != \"Info.plist\" ]] && [[ ! \"${filename}\" =~ .*\\.lproj$ ]]\n    then\n        echo ln -sfh \"../${WRAPPER_NAME}/Resources/${filename}\" \"${BUILT_PRODUCTS_DIR}/${PRODUCT_NAME}.embeddedframework/Resources/${filename}\"\n        ln -sfh \"../${WRAPPER_NAME}/Resources/${filename}\" \"${BUILT_PRODUCTS_DIR}/${PRODUCT_NAME}.embeddedframework/Resources/${filename}\"\n    fi\ndone\n\n\n# Replace other platform's framework with a copy of this one (so that both have the same universal binary)\n\necho \"Copy from $UFW_SDK_PLATFORM to $UFW_OTHER_PLATFORM\"\n\necho rm -rf \"${BUILD_DIR}/${CONFIGURATION}-${UFW_OTHER_PLATFORM}\"\nrm -rf \"${BUILD_DIR}/${CONFIGURATION}-${UFW_OTHER_PLATFORM}\"\necho cp -a \"${BUILD_DIR}/${CONFIGURATION}-${UFW_SDK_PLATFORM}\" \"${BUILD_DIR}/${CONFIGURATION}-${UFW_OTHER_PLATFORM}\"\ncp -a \"${BUILD_DIR}/${CONFIGURATION}-${UFW_SDK_PLATFORM}\" \"${BUILD_DIR}/${CONFIGURATION}-${UFW_OTHER_PLATFORM}\"\n";
		};
		9438A1121593E4120042CA60 /* ShellScript */ = {
			isa = PBXShellScriptBuildPhase;
			buildActionMask = 2147483647;
			files = (
			);
			inputPaths = (
			);
			outputPaths = (
			);
			runOnlyForDeploymentPostprocessing = 0;
			shellPath = /bin/sh;
			shellScript = "# Run the unit tests in this test bundle.\n\"${SYSTEM_DEVELOPER_DIR}/Tools/RunUnitTests\"\n";
		};
/* End PBXShellScriptBuildPhase section */

/* Begin PBXSourcesBuildPhase section */
		9438A0FF1593E4110042CA60 /* Sources */ = {
			isa = PBXSourcesBuildPhase;
			buildActionMask = 2147483647;
			files = (
				9438A1521593E45E0042CA60 /* UITableView+NXEmptyView.m in Sources */,
			);
			runOnlyForDeploymentPostprocessing = 0;
		};
		9438A10F1593E4120042CA60 /* Sources */ = {
			isa = PBXSourcesBuildPhase;
			buildActionMask = 2147483647;
			files = (
				9438A1271593E4120042CA60 /* UITableView_NXEmptyViewTests.m in Sources */,
			);
			runOnlyForDeploymentPostprocessing = 0;
		};
		9438A1301593E4410042CA60 /* Sources */ = {
			isa = PBXSourcesBuildPhase;
			buildActionMask = 2147483647;
			files = (
				9438A1411593E4410042CA60 /* main.m in Sources */,
				9438A1451593E4410042CA60 /* NXAppDelegate.m in Sources */,
				9438A1481593E4410042CA60 /* NXViewController.m in Sources */,
			);
			runOnlyForDeploymentPostprocessing = 0;
		};
/* End PBXSourcesBuildPhase section */

/* Begin PBXTargetDependency section */
		9438A11D1593E4120042CA60 /* PBXTargetDependency */ = {
			isa = PBXTargetDependency;
			target = 9438A1051593E4110042CA60 /* UITableView+NXEmptyView */;
			targetProxy = 9438A11C1593E4120042CA60 /* PBXContainerItemProxy */;
		};
		9438A1551593E6FD0042CA60 /* PBXTargetDependency */ = {
			isa = PBXTargetDependency;
			target = 9438A1051593E4110042CA60 /* UITableView+NXEmptyView */;
			targetProxy = 9438A1541593E6FD0042CA60 /* PBXContainerItemProxy */;
		};
/* End PBXTargetDependency section */

/* Begin PBXVariantGroup section */
		9438A10B1593E4110042CA60 /* InfoPlist.strings */ = {
			isa = PBXVariantGroup;
			children = (
				9438A10C1593E4110042CA60 /* en */,
			);
			name = InfoPlist.strings;
			sourceTree = "<group>";
		};
		9438A1221593E4120042CA60 /* InfoPlist.strings */ = {
			isa = PBXVariantGroup;
			children = (
				9438A1231593E4120042CA60 /* en */,
			);
			name = InfoPlist.strings;
			sourceTree = "<group>";
		};
		9438A13D1593E4410042CA60 /* InfoPlist.strings */ = {
			isa = PBXVariantGroup;
			children = (
				9438A13E1593E4410042CA60 /* en */,
			);
			name = InfoPlist.strings;
			sourceTree = "<group>";
		};
		9438A1491593E4410042CA60 /* NXViewController.xib */ = {
			isa = PBXVariantGroup;
			children = (
				9438A14A1593E4410042CA60 /* en */,
			);
			name = NXViewController.xib;
			sourceTree = "<group>";
		};
/* End PBXVariantGroup section */

/* Begin XCBuildConfiguration section */
		9438A1281593E4120042CA60 /* Debug */ = {
			isa = XCBuildConfiguration;
			buildSettings = {
				ALWAYS_SEARCH_USER_PATHS = NO;
				ARCHS = "$(ARCHS_STANDARD_32_BIT)";
				CLANG_CXX_LANGUAGE_STANDARD = "gnu++0x";
				CLANG_ENABLE_OBJC_ARC = YES;
				CLANG_WARN__DUPLICATE_METHOD_MATCH = YES;
				COPY_PHASE_STRIP = NO;
				GCC_C_LANGUAGE_STANDARD = gnu99;
				GCC_DYNAMIC_NO_PIC = NO;
				GCC_OPTIMIZATION_LEVEL = 0;
				GCC_PREPROCESSOR_DEFINITIONS = (
					"DEBUG=1",
					"$(inherited)",
				);
				GCC_SYMBOLS_PRIVATE_EXTERN = NO;
				GCC_VERSION = com.apple.compilers.llvm.clang.1_0;
				GCC_WARN_ABOUT_RETURN_TYPE = YES;
				GCC_WARN_UNINITIALIZED_AUTOS = YES;
				GCC_WARN_UNUSED_VARIABLE = YES;
				IPHONEOS_DEPLOYMENT_TARGET = 5.1;
				SDKROOT = iphoneos;
			};
			name = Debug;
		};
		9438A1291593E4120042CA60 /* Release */ = {
			isa = XCBuildConfiguration;
			buildSettings = {
				ALWAYS_SEARCH_USER_PATHS = NO;
				ARCHS = "$(ARCHS_STANDARD_32_BIT)";
				CLANG_CXX_LANGUAGE_STANDARD = "gnu++0x";
				CLANG_ENABLE_OBJC_ARC = YES;
				CLANG_WARN__DUPLICATE_METHOD_MATCH = YES;
				COPY_PHASE_STRIP = YES;
				GCC_C_LANGUAGE_STANDARD = gnu99;
				GCC_VERSION = com.apple.compilers.llvm.clang.1_0;
				GCC_WARN_ABOUT_RETURN_TYPE = YES;
				GCC_WARN_UNINITIALIZED_AUTOS = YES;
				GCC_WARN_UNUSED_VARIABLE = YES;
				IPHONEOS_DEPLOYMENT_TARGET = 5.1;
				SDKROOT = iphoneos;
				VALIDATE_PRODUCT = YES;
			};
			name = Release;
		};
		9438A12B1593E4120042CA60 /* Debug */ = {
			isa = XCBuildConfiguration;
			buildSettings = {
				ARCHS = (
					armv6,
					"$(ARCHS_STANDARD_32_BIT)",
				);
				CONTENTS_FOLDER_PATH = "$(WRAPPER_NAME)/Versions/$(FRAMEWORK_VERSION)";
				DEAD_CODE_STRIPPING = NO;
				DYLIB_COMPATIBILITY_VERSION = 1;
				DYLIB_CURRENT_VERSION = 1;
				FRAMEWORK_VERSION = A;
				GCC_PRECOMPILE_PREFIX_HEADER = YES;
				GCC_PREFIX_HEADER = "UITableView+NXEmptyView/UITableView+NXEmptyView-Prefix.pch";
				INFOPLIST_FILE = "UITableView+NXEmptyView/UITableView+NXEmptyView-Info.plist";
				INFOPLIST_PATH = "$(UNLOCALIZED_RESOURCES_FOLDER_PATH)/Info.plist";
				INSTALL_PATH = "$(BUILT_PRODUCTS_DIR)";
				LINK_WITH_STANDARD_LIBRARIES = NO;
				MACH_O_TYPE = mh_object;
				OTHER_LDFLAGS = "-ObjC";
				PRODUCT_NAME = "$(TARGET_NAME)";
				SKIP_INSTALL = YES;
				UNLOCALIZED_RESOURCES_FOLDER_PATH = "$(CONTENTS_FOLDER_PATH)/Resources";
				WRAPPER_EXTENSION = framework;
			};
			name = Debug;
		};
		9438A12C1593E4120042CA60 /* Release */ = {
			isa = XCBuildConfiguration;
			buildSettings = {
				ARCHS = (
					armv6,
					"$(ARCHS_STANDARD_32_BIT)",
				);
				CONTENTS_FOLDER_PATH = "$(WRAPPER_NAME)/Versions/$(FRAMEWORK_VERSION)";
				DEAD_CODE_STRIPPING = NO;
				DYLIB_COMPATIBILITY_VERSION = 1;
				DYLIB_CURRENT_VERSION = 1;
				FRAMEWORK_VERSION = A;
				GCC_PRECOMPILE_PREFIX_HEADER = YES;
				GCC_PREFIX_HEADER = "UITableView+NXEmptyView/UITableView+NXEmptyView-Prefix.pch";
				INFOPLIST_FILE = "UITableView+NXEmptyView/UITableView+NXEmptyView-Info.plist";
				INFOPLIST_PATH = "$(UNLOCALIZED_RESOURCES_FOLDER_PATH)/Info.plist";
				INSTALL_PATH = "$(BUILT_PRODUCTS_DIR)";
				LINK_WITH_STANDARD_LIBRARIES = NO;
				MACH_O_TYPE = mh_object;
				OTHER_LDFLAGS = "-ObjC";
				PRODUCT_NAME = "$(TARGET_NAME)";
				SKIP_INSTALL = YES;
				UNLOCALIZED_RESOURCES_FOLDER_PATH = "$(CONTENTS_FOLDER_PATH)/Resources";
				WRAPPER_EXTENSION = framework;
			};
			name = Release;
		};
		9438A12E1593E4120042CA60 /* Debug */ = {
			isa = XCBuildConfiguration;
			buildSettings = {
				FRAMEWORK_SEARCH_PATHS = (
					"\"$(SDKROOT)/Developer/Library/Frameworks\"",
					"\"$(DEVELOPER_LIBRARY_DIR)/Frameworks\"",
				);
				GCC_PRECOMPILE_PREFIX_HEADER = YES;
				GCC_PREFIX_HEADER = "UITableView+NXEmptyView/UITableView+NXEmptyView-Prefix.pch";
				INFOPLIST_FILE = "UITableView+NXEmptyViewTests/UITableView+NXEmptyViewTests-Info.plist";
				OTHER_LDFLAGS = (
					"-framework",
					SenTestingKit,
					"-framework",
					.fake_fw_testing,
				);
				PRODUCT_NAME = "$(TARGET_NAME)";
				WRAPPER_EXTENSION = octest;
			};
			name = Debug;
		};
		9438A12F1593E4120042CA60 /* Release */ = {
			isa = XCBuildConfiguration;
			buildSettings = {
				FRAMEWORK_SEARCH_PATHS = (
					"\"$(SDKROOT)/Developer/Library/Frameworks\"",
					"\"$(DEVELOPER_LIBRARY_DIR)/Frameworks\"",
				);
				GCC_PRECOMPILE_PREFIX_HEADER = YES;
				GCC_PREFIX_HEADER = "UITableView+NXEmptyView/UITableView+NXEmptyView-Prefix.pch";
				INFOPLIST_FILE = "UITableView+NXEmptyViewTests/UITableView+NXEmptyViewTests-Info.plist";
				OTHER_LDFLAGS = (
					"-framework",
					SenTestingKit,
					"-framework",
					.fake_fw_testing,
				);
				PRODUCT_NAME = "$(TARGET_NAME)";
				WRAPPER_EXTENSION = octest;
			};
			name = Release;
		};
		9438A14D1593E4410042CA60 /* Debug */ = {
			isa = XCBuildConfiguration;
			buildSettings = {
				"CODE_SIGN_IDENTITY[sdk=iphoneos*]" = "iPhone Developer";
				FRAMEWORK_SEARCH_PATHS = (
					"$(inherited)",
					"\"$(SYSTEM_APPS_DIR)/Xcode44-DP6.app/Contents/Developer/Library/Frameworks\"",
				);
				GCC_PRECOMPILE_PREFIX_HEADER = YES;
				GCC_PREFIX_HEADER = "DemoApp/DemoApp-Prefix.pch";
				INFOPLIST_FILE = "DemoApp/DemoApp-Info.plist";
				OTHER_LDFLAGS = (
					"-ObjC",
					"-all_load",
					"-framework",
					"UITableView+NXEmptyView",
				);
				PRODUCT_NAME = "$(TARGET_NAME)";
				WRAPPER_EXTENSION = app;
			};
			name = Debug;
		};
		9438A14E1593E4410042CA60 /* Release */ = {
			isa = XCBuildConfiguration;
			buildSettings = {
				"CODE_SIGN_IDENTITY[sdk=iphoneos*]" = "iPhone Developer";
				FRAMEWORK_SEARCH_PATHS = (
					"$(inherited)",
					"\"$(SYSTEM_APPS_DIR)/Xcode44-DP6.app/Contents/Developer/Library/Frameworks\"",
				);
				GCC_PRECOMPILE_PREFIX_HEADER = YES;
				GCC_PREFIX_HEADER = "DemoApp/DemoApp-Prefix.pch";
				INFOPLIST_FILE = "DemoApp/DemoApp-Info.plist";
				OTHER_CFLAGS = "-DNS_BLOCK_ASSERTIONS=1";
				OTHER_LDFLAGS = (
					"-ObjC",
					"-all_load",
					"-framework",
					"UITableView+NXEmptyView",
				);
				PRODUCT_NAME = "$(TARGET_NAME)";
				WRAPPER_EXTENSION = app;
			};
			name = Release;
		};
/* End XCBuildConfiguration section */

/* Begin XCConfigurationList section */
		9438A0FC1593E4110042CA60 /* Build configuration list for PBXProject "UITableView+NXEmptyView" */ = {
			isa = XCConfigurationList;
			buildConfigurations = (
				9438A1281593E4120042CA60 /* Debug */,
				9438A1291593E4120042CA60 /* Release */,
			);
			defaultConfigurationIsVisible = 0;
			defaultConfigurationName = Release;
		};
		9438A12A1593E4120042CA60 /* Build configuration list for PBXNativeTarget "UITableView+NXEmptyView" */ = {
			isa = XCConfigurationList;
			buildConfigurations = (
				9438A12B1593E4120042CA60 /* Debug */,
				9438A12C1593E4120042CA60 /* Release */,
			);
			defaultConfigurationIsVisible = 0;
		};
		9438A12D1593E4120042CA60 /* Build configuration list for PBXNativeTarget "UITableView+NXEmptyViewTests" */ = {
			isa = XCConfigurationList;
			buildConfigurations = (
				9438A12E1593E4120042CA60 /* Debug */,
				9438A12F1593E4120042CA60 /* Release */,
			);
			defaultConfigurationIsVisible = 0;
		};
		9438A14C1593E4410042CA60 /* Build configuration list for PBXNativeTarget "DemoApp" */ = {
			isa = XCConfigurationList;
			buildConfigurations = (
				9438A14D1593E4410042CA60 /* Debug */,
				9438A14E1593E4410042CA60 /* Release */,
			);
			defaultConfigurationIsVisible = 0;
		};
/* End XCConfigurationList section */
	};
	rootObject = 9438A0F91593E4110042CA60 /* Project object */;
}
